{
  "nodes": {
    "nixpkgs": {
      "locked": {
        "lastModified": 1744440957,
        "narHash": "sha256-FHlSkNqFmPxPJvy+6fNLaNeWnF1lZSgqVCl/eWaJRc4=",
        "ref": "refs/heads/ab-branch-24.11",
        "rev": "26d499fc9f1d567283d5d56fcf367edd815dba1d",
        "revCount": 716947,
        "type": "git",
        "url": "file:///home/scvalex/repo/infra/nix-channel/nixpkgs"
      },
      "original": {
        "type": "git",
        "url": "file:///home/scvalex/repo/infra/nix-channel/nixpkgs"
      }
    },
    "root": {
      "inputs": {
        "nixpkgs": "nixpkgs"
      }
    }
  },
  "root": "root",
  "version": 7
}
